
Microsoft Visual Studio Solution File, Format Version 12.00
# Visual Studio Version 17
VisualStudioVersion = 17.0.31903.59
MinimumVisualStudioVersion = 10.0.40219.1
Project("{2150E333-8FDC-42A3-9474-1A3956D46DE8}") = "Lab1", "Lab1", "{94591338-9437-4BB1-AE8A-9E753E89B750}"
EndProject
Project("{FAE04EC0-301F-11D3-BF4B-00C04F79EFBC}") = "App", "Lab1\App\App.csproj", "{80B3542D-4C89-48F5-B09B-BCA307ABD3DE}"
EndProject
Project("{FAE04EC0-301F-11D3-BF4B-00C04F79EFBC}") = "Tests", "Lab1\Tests\Tests.csproj", "{F3089BDF-C610-4B5C-9AA7-BDD45B94BCDA}"
EndProject
Project("{2150E333-8FDC-42A3-9474-1A3956D46DE8}") = "Lab2", "Lab2", "{B8C66DE3-293D-4946-B0A4-75ECF8BB42C1}"
EndProject
Project("{FAE04EC0-301F-11D3-BF4B-00C04F79EFBC}") = "App", "Lab2\App\App.csproj", "{E5184610-A56B-47CF-96A5-79CE5524C660}"
EndProject
Project("{FAE04EC0-301F-11D3-BF4B-00C04F79EFBC}") = "Tests", "Lab2\Tests\Tests.csproj", "{A141030B-BA09-4270-AA92-4DBF618B53EB}"
EndProject
Project("{2150E333-8FDC-42A3-9474-1A3956D46DE8}") = "Lab3", "Lab3", "{C1ED698F-A88E-4457-A361-57A949A81BEB}"
EndProject
Project("{FAE04EC0-301F-11D3-BF4B-00C04F79EFBC}") = "App", "Lab3\App\App.csproj", "{4A927AC6-A7F2-49D4-B65A-519E24BBE2BF}"
EndProject
Project("{FAE04EC0-301F-11D3-BF4B-00C04F79EFBC}") = "Tests", "Lab3\Tests\Tests.csproj", "{0052A52D-97B9-49B8-8340-28CBC9BCF3CE}"
EndProject
Global
	GlobalSection(SolutionConfigurationPlatforms) = preSolution
		Debug|Any CPU = Debug|Any CPU
		Release|Any CPU = Release|Any CPU
	EndGlobalSection
	GlobalSection(SolutionProperties) = preSolution
		HideSolutionNode = FALSE
	EndGlobalSection
	GlobalSection(ProjectConfigurationPlatforms) = postSolution
		{80B3542D-4C89-48F5-B09B-BCA307ABD3DE}.Debug|Any CPU.ActiveCfg = Debug|Any CPU
		{80B3542D-4C89-48F5-B09B-BCA307ABD3DE}.Debug|Any CPU.Build.0 = Debug|Any CPU
		{80B3542D-4C89-48F5-B09B-BCA307ABD3DE}.Release|Any CPU.ActiveCfg = Release|Any CPU
		{80B3542D-4C89-48F5-B09B-BCA307ABD3DE}.Release|Any CPU.Build.0 = Release|Any CPU
		{F3089BDF-C610-4B5C-9AA7-BDD45B94BCDA}.Debug|Any CPU.ActiveCfg = Debug|Any CPU
		{F3089BDF-C610-4B5C-9AA7-BDD45B94BCDA}.Debug|Any CPU.Build.0 = Debug|Any CPU
		{F3089BDF-C610-4B5C-9AA7-BDD45B94BCDA}.Release|Any CPU.ActiveCfg = Release|Any CPU
		{F3089BDF-C610-4B5C-9AA7-BDD45B94BCDA}.Release|Any CPU.Build.0 = Release|Any CPU
		{E5184610-A56B-47CF-96A5-79CE5524C660}.Debug|Any CPU.ActiveCfg = Debug|Any CPU
		{E5184610-A56B-47CF-96A5-79CE5524C660}.Debug|Any CPU.Build.0 = Debug|Any CPU
		{E5184610-A56B-47CF-96A5-79CE5524C660}.Release|Any CPU.ActiveCfg = Release|Any CPU
		{E5184610-A56B-47CF-96A5-79CE5524C660}.Release|Any CPU.Build.0 = Release|Any CPU
		{A141030B-BA09-4270-AA92-4DBF618B53EB}.Debug|Any CPU.ActiveCfg = Debug|Any CPU
		{A141030B-BA09-4270-AA92-4DBF618B53EB}.Debug|Any CPU.Build.0 = Debug|Any CPU
		{A141030B-BA09-4270-AA92-4DBF618B53EB}.Release|Any CPU.ActiveCfg = Release|Any CPU
		{A141030B-BA09-4270-AA92-4DBF618B53EB}.Release|Any CPU.Build.0 = Release|Any CPU
		{4A927AC6-A7F2-49D4-B65A-519E24BBE2BF}.Debug|Any CPU.ActiveCfg = Debug|Any CPU
		{4A927AC6-A7F2-49D4-B65A-519E24BBE2BF}.Debug|Any CPU.Build.0 = Debug|Any CPU
		{4A927AC6-A7F2-49D4-B65A-519E24BBE2BF}.Release|Any CPU.ActiveCfg = Release|Any CPU
		{4A927AC6-A7F2-49D4-B65A-519E24BBE2BF}.Release|Any CPU.Build.0 = Release|Any CPU
		{0052A52D-97B9-49B8-8340-28CBC9BCF3CE}.Debug|Any CPU.ActiveCfg = Debug|Any CPU
		{0052A52D-97B9-49B8-8340-28CBC9BCF3CE}.Debug|Any CPU.Build.0 = Debug|Any CPU
		{0052A52D-97B9-49B8-8340-28CBC9BCF3CE}.Release|Any CPU.ActiveCfg = Release|Any CPU
		{0052A52D-97B9-49B8-8340-28CBC9BCF3CE}.Release|Any CPU.Build.0 = Release|Any CPU
	EndGlobalSection
	GlobalSection(NestedProjects) = preSolution
		{80B3542D-4C89-48F5-B09B-BCA307ABD3DE} = {94591338-9437-4BB1-AE8A-9E753E89B750}
		{F3089BDF-C610-4B5C-9AA7-BDD45B94BCDA} = {94591338-9437-4BB1-AE8A-9E753E89B750}
		{E5184610-A56B-47CF-96A5-79CE5524C660} = {B8C66DE3-293D-4946-B0A4-75ECF8BB42C1}
		{A141030B-BA09-4270-AA92-4DBF618B53EB} = {B8C66DE3-293D-4946-B0A4-75ECF8BB42C1}
		{4A927AC6-A7F2-49D4-B65A-519E24BBE2BF} = {C1ED698F-A88E-4457-A361-57A949A81BEB}
		{0052A52D-97B9-49B8-8340-28CBC9BCF3CE} = {C1ED698F-A88E-4457-A361-57A949A81BEB}
	EndGlobalSection
EndGlobal
